
Microsoft Visual Studio Solution File, Format Version 12.00
# Visual Studio 15
VisualStudioVersion = 15.0.27130.2026
MinimumVisualStudioVersion = 10.0.40219.1
Project("{FAE04EC0-301F-11D3-BF4B-00C04F79EFBC}") = "RTATimerRe", "RTATimerRe\RTATimerRe.csproj", "{5665830C-C4E8-4220-B64B-C15ABC6E9B93}"
EndProject
Global
	GlobalSection(SolutionConfigurationPlatforms) = preSolution
		Debug|Any CPU = Debug|Any CPU
		Release|Any CPU = Release|Any CPU
	EndGlobalSection
	GlobalSection(ProjectConfigurationPlatforms) = postSolution
		{5665830C-C4E8-4220-B64B-C15ABC6E9B93}.Debug|Any CPU.ActiveCfg = Debug|Any CPU
		{5665830C-C4E8-4220-B64B-C15ABC6E9B93}.Debug|Any CPU.Build.0 = Debug|Any CPU
		{5665830C-C4E8-4220-B64B-C15ABC6E9B93}.Release|Any CPU.ActiveCfg = Release|Any CPU
		{5665830C-C4E8-4220-B64B-C15ABC6E9B93}.Release|Any CPU.Build.0 = Release|Any CPU
	EndGlobalSection
	GlobalSection(SolutionProperties) = preSolution
		HideSolutionNode = FALSE
	EndGlobalSection
	GlobalSection(ExtensibilityGlobals) = postSolution
		SolutionGuid = {A82BAFD2-DEA6-4FC7-9CD3-5E9CC824F988}
	EndGlobalSection
EndGlobal
